
Microsoft Visual Studio Solution File, Format Version 12.00
# Visual Studio Version 17
VisualStudioVersion = 17.9.34616.47
MinimumVisualStudioVersion = 10.0.40219.1
Project("{FAE04EC0-301F-11D3-BF4B-00C04F79EFBC}") = "UnitTestai", "UnitTestai\UnitTestai.csproj", "{5BACF40F-2682-4EF5-BBAE-7CFD6A0A7228}"
EndProject
Project("{FAE04EC0-301F-11D3-BF4B-00C04F79EFBC}") = "MathOperations", "MathOperations\MathOperations.csproj", "{C757B2F5-CC08-4091-8357-C93BABF52A64}"
EndProject
Project("{FAE04EC0-301F-11D3-BF4B-00C04F79EFBC}") = "MathOperations.Tests", "MathOperations.Tests\MathOperations.Tests.csproj", "{29E29731-102D-47C0-BA44-644246A8B92A}"
EndProject
Project("{FAE04EC0-301F-11D3-BF4B-00C04F79EFBC}") = "ListOperations", "ListOperations\ListOperations.csproj", "{FE16BC4A-3029-4DDF-A27F-779BA543C545}"
EndProject
Project("{FAE04EC0-301F-11D3-BF4B-00C04F79EFBC}") = "ListOperations.Tests", "ListOperations.Tests\ListOperations.Tests.csproj", "{2C95B6BD-7D05-4E74-A7FA-E7226571DC84}"
EndProject
Global
	GlobalSection(SolutionConfigurationPlatforms) = preSolution
		Debug|Any CPU = Debug|Any CPU
		Release|Any CPU = Release|Any CPU
	EndGlobalSection
	GlobalSection(ProjectConfigurationPlatforms) = postSolution
		{5BACF40F-2682-4EF5-BBAE-7CFD6A0A7228}.Debug|Any CPU.ActiveCfg = Debug|Any CPU
		{5BACF40F-2682-4EF5-BBAE-7CFD6A0A7228}.Debug|Any CPU.Build.0 = Debug|Any CPU
		{5BACF40F-2682-4EF5-BBAE-7CFD6A0A7228}.Release|Any CPU.ActiveCfg = Release|Any CPU
		{5BACF40F-2682-4EF5-BBAE-7CFD6A0A7228}.Release|Any CPU.Build.0 = Release|Any CPU
		{C757B2F5-CC08-4091-8357-C93BABF52A64}.Debug|Any CPU.ActiveCfg = Debug|Any CPU
		{C757B2F5-CC08-4091-8357-C93BABF52A64}.Debug|Any CPU.Build.0 = Debug|Any CPU
		{C757B2F5-CC08-4091-8357-C93BABF52A64}.Release|Any CPU.ActiveCfg = Release|Any CPU
		{C757B2F5-CC08-4091-8357-C93BABF52A64}.Release|Any CPU.Build.0 = Release|Any CPU
		{29E29731-102D-47C0-BA44-644246A8B92A}.Debug|Any CPU.ActiveCfg = Debug|Any CPU
		{29E29731-102D-47C0-BA44-644246A8B92A}.Debug|Any CPU.Build.0 = Debug|Any CPU
		{29E29731-102D-47C0-BA44-644246A8B92A}.Release|Any CPU.ActiveCfg = Release|Any CPU
		{29E29731-102D-47C0-BA44-644246A8B92A}.Release|Any CPU.Build.0 = Release|Any CPU
		{FE16BC4A-3029-4DDF-A27F-779BA543C545}.Debug|Any CPU.ActiveCfg = Debug|Any CPU
		{FE16BC4A-3029-4DDF-A27F-779BA543C545}.Debug|Any CPU.Build.0 = Debug|Any CPU
		{FE16BC4A-3029-4DDF-A27F-779BA543C545}.Release|Any CPU.ActiveCfg = Release|Any CPU
		{FE16BC4A-3029-4DDF-A27F-779BA543C545}.Release|Any CPU.Build.0 = Release|Any CPU
		{2C95B6BD-7D05-4E74-A7FA-E7226571DC84}.Debug|Any CPU.ActiveCfg = Debug|Any CPU
		{2C95B6BD-7D05-4E74-A7FA-E7226571DC84}.Debug|Any CPU.Build.0 = Debug|Any CPU
		{2C95B6BD-7D05-4E74-A7FA-E7226571DC84}.Release|Any CPU.ActiveCfg = Release|Any CPU
		{2C95B6BD-7D05-4E74-A7FA-E7226571DC84}.Release|Any CPU.Build.0 = Release|Any CPU
	EndGlobalSection
	GlobalSection(SolutionProperties) = preSolution
		HideSolutionNode = FALSE
	EndGlobalSection
	GlobalSection(ExtensibilityGlobals) = postSolution
		SolutionGuid = {CD13A88E-5480-4E3E-91A2-DE3B610E38A3}
	EndGlobalSection
EndGlobal
